// !$*UTF8*$!
{
	archiveVersion = 1;
	classes = {
	};
	objectVersion = 46;
	objects = {

/* Begin PBXBuildFile section */
		2D33594E1E4CEE1F001BA466 /* UIWebView+InputAccessoryView.m in Sources */ = {isa = PBXBuildFile; fileRef = 2D33594D1E4CEE1F001BA466 /* UIWebView+InputAccessoryView.m */; };
		2D7E29F01E4C8C2500120685 /* main.m in Sources */ = {isa = PBXBuildFile; fileRef = 2D7E29EF1E4C8C2500120685 /* main.m */; };
		2D7E29F31E4C8C2500120685 /* AppDelegate.m in Sources */ = {isa = PBXBuildFile; fileRef = 2D7E29F21E4C8C2500120685 /* AppDelegate.m */; };
		2D7E29F61E4C8C2500120685 /* ViewController.m in Sources */ = {isa = PBXBuildFile; fileRef = 2D7E29F51E4C8C2500120685 /* ViewController.m */; };
		2D7E29F91E4C8C2500120685 /* Main.storyboard in Resources */ = {isa = PBXBuildFile; fileRef = 2D7E29F71E4C8C2500120685 /* Main.storyboard */; };
		2D7E29FB1E4C8C2500120685 /* Assets.xcassets in Resources */ = {isa = PBXBuildFile; fileRef = 2D7E29FA1E4C8C2500120685 /* Assets.xcassets */; };
		2D7E29FE1E4C8C2500120685 /* LaunchScreen.storyboard in Resources */ = {isa = PBXBuildFile; fileRef = 2D7E29FC1E4C8C2500120685 /* LaunchScreen.storyboard */; };
		2D7E2A071E4C984700120685 /* FDReplyKeyboardToolBar.m in Sources */ = {isa = PBXBuildFile; fileRef = 2D7E2A061E4C984700120685 /* FDReplyKeyboardToolBar.m */; };
		2D7E2A091E4C985C00120685 /* FDReplyKeyboardToolBar.xib in Resources */ = {isa = PBXBuildFile; fileRef = 2D7E2A081E4C985C00120685 /* FDReplyKeyboardToolBar.xib */; };
		2DAAD7A21E5463E9000BE0A2 /* CannedResponseViewController.m in Sources */ = {isa = PBXBuildFile; fileRef = 2DAAD7A11E5463E9000BE0A2 /* CannedResponseViewController.m */; };
		2DCF16EC1E5AEE8A00A9DF88 /* KeyboardAttachmentViewController.m in Sources */ = {isa = PBXBuildFile; fileRef = 2DCF16EB1E5AEE8A00A9DF88 /* KeyboardAttachmentViewController.m */; };
		2DCF16F21E5B097600A9DF88 /* PhotoCollectionViewCell.m in Sources */ = {isa = PBXBuildFile; fileRef = 2DCF16F11E5B097600A9DF88 /* PhotoCollectionViewCell.m */; };
		2DCF16F51E5B1CC300A9DF88 /* PhotoAttachmentViewModel.m in Sources */ = {isa = PBXBuildFile; fileRef = 2DCF16F41E5B1CC300A9DF88 /* PhotoAttachmentViewModel.m */; };
		2DCF16F91E5C091B00A9DF88 /* PhotoAttachmentCellViewModel.m in Sources */ = {isa = PBXBuildFile; fileRef = 2DCF16F81E5C091B00A9DF88 /* PhotoAttachmentCellViewModel.m */; };
		2DCF16FF1E5C56F300A9DF88 /* PhotoAttachmentTableViewCell.m in Sources */ = {isa = PBXBuildFile; fileRef = 2DCF16FE1E5C56F300A9DF88 /* PhotoAttachmentTableViewCell.m */; };
		2DCF17021E5C677400A9DF88 /* KeyboardAttachmentViewModel.m in Sources */ = {isa = PBXBuildFile; fileRef = 2DCF17011E5C677400A9DF88 /* KeyboardAttachmentViewModel.m */; };
		2DCF170D1E5D9F5600A9DF88 /* OtherAttachmentOptionsTableCell.m in Sources */ = {isa = PBXBuildFile; fileRef = 2DCF170C1E5D9F5600A9DF88 /* OtherAttachmentOptionsTableCell.m */; };
		2DCF17161E5DB8CC00A9DF88 /* FDBorderView.swift in Sources */ = {isa = PBXBuildFile; fileRef = 2DCF17151E5DB8CC00A9DF88 /* FDBorderView.swift */; };
/* End PBXBuildFile section */

/* Begin PBXFileReference section */
		2D33594C1E4CEE1F001BA466 /* UIWebView+InputAccessoryView.h */ = {isa = PBXFileReference; fileEncoding = 4; lastKnownFileType = sourcecode.c.h; path = "UIWebView+InputAccessoryView.h"; sourceTree = "<group>"; };
		2D33594D1E4CEE1F001BA466 /* UIWebView+InputAccessoryView.m */ = {isa = PBXFileReference; fileEncoding = 4; lastKnownFileType = sourcecode.c.objc; path = "UIWebView+InputAccessoryView.m"; sourceTree = "<group>"; };
		2D7E29EB1E4C8C2500120685 /* PhotoLibPOC.app */ = {isa = PBXFileReference; explicitFileType = wrapper.application; includeInIndex = 0; path = PhotoLibPOC.app; sourceTree = BUILT_PRODUCTS_DIR; };
		2D7E29EF1E4C8C2500120685 /* main.m */ = {isa = PBXFileReference; lastKnownFileType = sourcecode.c.objc; path = main.m; sourceTree = "<group>"; };
		2D7E29F11E4C8C2500120685 /* AppDelegate.h */ = {isa = PBXFileReference; lastKnownFileType = sourcecode.c.h; path = AppDelegate.h; sourceTree = "<group>"; };
		2D7E29F21E4C8C2500120685 /* AppDelegate.m */ = {isa = PBXFileReference; lastKnownFileType = sourcecode.c.objc; path = AppDelegate.m; sourceTree = "<group>"; };
		2D7E29F41E4C8C2500120685 /* ViewController.h */ = {isa = PBXFileReference; lastKnownFileType = sourcecode.c.h; path = ViewController.h; sourceTree = "<group>"; };
		2D7E29F51E4C8C2500120685 /* ViewController.m */ = {isa = PBXFileReference; lastKnownFileType = sourcecode.c.objc; path = ViewController.m; sourceTree = "<group>"; };
		2D7E29F81E4C8C2500120685 /* Base */ = {isa = PBXFileReference; lastKnownFileType = file.storyboard; name = Base; path = Base.lproj/Main.storyboard; sourceTree = "<group>"; };
		2D7E29FA1E4C8C2500120685 /* Assets.xcassets */ = {isa = PBXFileReference; lastKnownFileType = folder.assetcatalog; path = Assets.xcassets; sourceTree = "<group>"; };
		2D7E29FD1E4C8C2500120685 /* Base */ = {isa = PBXFileReference; lastKnownFileType = file.storyboard; name = Base; path = Base.lproj/LaunchScreen.storyboard; sourceTree = "<group>"; };
		2D7E29FF1E4C8C2500120685 /* Info.plist */ = {isa = PBXFileReference; lastKnownFileType = text.plist.xml; path = Info.plist; sourceTree = "<group>"; };
		2D7E2A051E4C984700120685 /* FDReplyKeyboardToolBar.h */ = {isa = PBXFileReference; fileEncoding = 4; lastKnownFileType = sourcecode.c.h; path = FDReplyKeyboardToolBar.h; sourceTree = "<group>"; };
		2D7E2A061E4C984700120685 /* FDReplyKeyboardToolBar.m */ = {isa = PBXFileReference; fileEncoding = 4; lastKnownFileType = sourcecode.c.objc; path = FDReplyKeyboardToolBar.m; sourceTree = "<group>"; };
		2D7E2A081E4C985C00120685 /* FDReplyKeyboardToolBar.xib */ = {isa = PBXFileReference; fileEncoding = 4; lastKnownFileType = file.xib; path = FDReplyKeyboardToolBar.xib; sourceTree = "<group>"; };
		2DAAD7A01E5463E9000BE0A2 /* CannedResponseViewController.h */ = {isa = PBXFileReference; fileEncoding = 4; lastKnownFileType = sourcecode.c.h; path = CannedResponseViewController.h; sourceTree = "<group>"; };
		2DAAD7A11E5463E9000BE0A2 /* CannedResponseViewController.m */ = {isa = PBXFileReference; fileEncoding = 4; lastKnownFileType = sourcecode.c.objc; path = CannedResponseViewController.m; sourceTree = "<group>"; };
		2DCF16EA1E5AEE8A00A9DF88 /* KeyboardAttachmentViewController.h */ = {isa = PBXFileReference; fileEncoding = 4; lastKnownFileType = sourcecode.c.h; path = KeyboardAttachmentViewController.h; sourceTree = "<group>"; };
		2DCF16EB1E5AEE8A00A9DF88 /* KeyboardAttachmentViewController.m */ = {isa = PBXFileReference; fileEncoding = 4; lastKnownFileType = sourcecode.c.objc; path = KeyboardAttachmentViewController.m; sourceTree = "<group>"; };
		2DCF16F01E5B097600A9DF88 /* PhotoCollectionViewCell.h */ = {isa = PBXFileReference; fileEncoding = 4; lastKnownFileType = sourcecode.c.h; path = PhotoCollectionViewCell.h; sourceTree = "<group>"; };
		2DCF16F11E5B097600A9DF88 /* PhotoCollectionViewCell.m */ = {isa = PBXFileReference; fileEncoding = 4; lastKnownFileType = sourcecode.c.objc; path = PhotoCollectionViewCell.m; sourceTree = "<group>"; };
		2DCF16F31E5B1CC300A9DF88 /* PhotoAttachmentViewModel.h */ = {isa = PBXFileReference; fileEncoding = 4; lastKnownFileType = sourcecode.c.h; path = PhotoAttachmentViewModel.h; sourceTree = "<group>"; };
		2DCF16F41E5B1CC300A9DF88 /* PhotoAttachmentViewModel.m */ = {isa = PBXFileReference; fileEncoding = 4; lastKnownFileType = sourcecode.c.objc; path = PhotoAttachmentViewModel.m; sourceTree = "<group>"; };
		2DCF16F61E5B61FF00A9DF88 /* AttachmentPhotoCellProtocol.h */ = {isa = PBXFileReference; fileEncoding = 4; lastKnownFileType = sourcecode.c.h; path = AttachmentPhotoCellProtocol.h; sourceTree = "<group>"; };
		2DCF16F71E5C091B00A9DF88 /* PhotoAttachmentCellViewModel.h */ = {isa = PBXFileReference; fileEncoding = 4; lastKnownFileType = sourcecode.c.h; path = PhotoAttachmentCellViewModel.h; sourceTree = "<group>"; };
		2DCF16F81E5C091B00A9DF88 /* PhotoAttachmentCellViewModel.m */ = {isa = PBXFileReference; fileEncoding = 4; lastKnownFileType = sourcecode.c.objc; path = PhotoAttachmentCellViewModel.m; sourceTree = "<group>"; };
		2DCF16FD1E5C56F300A9DF88 /* PhotoAttachmentTableViewCell.h */ = {isa = PBXFileReference; fileEncoding = 4; lastKnownFileType = sourcecode.c.h; path = PhotoAttachmentTableViewCell.h; sourceTree = "<group>"; };
		2DCF16FE1E5C56F300A9DF88 /* PhotoAttachmentTableViewCell.m */ = {isa = PBXFileReference; fileEncoding = 4; lastKnownFileType = sourcecode.c.objc; path = PhotoAttachmentTableViewCell.m; sourceTree = "<group>"; };
		2DCF17001E5C677400A9DF88 /* KeyboardAttachmentViewModel.h */ = {isa = PBXFileReference; fileEncoding = 4; lastKnownFileType = sourcecode.c.h; path = KeyboardAttachmentViewModel.h; sourceTree = "<group>"; };
		2DCF17011E5C677400A9DF88 /* KeyboardAttachmentViewModel.m */ = {isa = PBXFileReference; fileEncoding = 4; lastKnownFileType = sourcecode.c.objc; path = KeyboardAttachmentViewModel.m; sourceTree = "<group>"; };
		2DCF17031E5C67E600A9DF88 /* TableViewModelProtocol.h */ = {isa = PBXFileReference; fileEncoding = 4; lastKnownFileType = sourcecode.c.h; path = TableViewModelProtocol.h; sourceTree = "<group>"; };
		2DCF17041E5C691800A9DF88 /* CollectionViewModelProtocol.h */ = {isa = PBXFileReference; fileEncoding = 4; lastKnownFileType = sourcecode.c.h; path = CollectionViewModelProtocol.h; sourceTree = "<group>"; };
		2DCF170B1E5D9F5600A9DF88 /* OtherAttachmentOptionsTableCell.h */ = {isa = PBXFileReference; fileEncoding = 4; lastKnownFileType = sourcecode.c.h; path = OtherAttachmentOptionsTableCell.h; sourceTree = "<group>"; };
		2DCF170C1E5D9F5600A9DF88 /* OtherAttachmentOptionsTableCell.m */ = {isa = PBXFileReference; fileEncoding = 4; lastKnownFileType = sourcecode.c.objc; path = OtherAttachmentOptionsTableCell.m; sourceTree = "<group>"; };
		2DCF17141E5DB8CB00A9DF88 /* PhotoLibPOC-Bridging-Header.h */ = {isa = PBXFileReference; lastKnownFileType = sourcecode.c.h; path = "PhotoLibPOC-Bridging-Header.h"; sourceTree = "<group>"; };
		2DCF17151E5DB8CC00A9DF88 /* FDBorderView.swift */ = {isa = PBXFileReference; fileEncoding = 4; lastKnownFileType = sourcecode.swift; path = FDBorderView.swift; sourceTree = "<group>"; };
/* End PBXFileReference section */

/* Begin PBXFrameworksBuildPhase section */
		2D7E29E81E4C8C2500120685 /* Frameworks */ = {
			isa = PBXFrameworksBuildPhase;
			buildActionMask = 2147483647;
			files = (
			);
			runOnlyForDeploymentPostprocessing = 0;
		};
/* End PBXFrameworksBuildPhase section */

/* Begin PBXGroup section */
		2D7E29E21E4C8C2500120685 = {
			isa = PBXGroup;
			children = (
				2D7E29ED1E4C8C2500120685 /* PhotoLibPOC */,
				2D7E29EC1E4C8C2500120685 /* Products */,
			);
			sourceTree = "<group>";
		};
		2D7E29EC1E4C8C2500120685 /* Products */ = {
			isa = PBXGroup;
			children = (
				2D7E29EB1E4C8C2500120685 /* PhotoLibPOC.app */,
			);
			name = Products;
			sourceTree = "<group>";
		};
		2D7E29ED1E4C8C2500120685 /* PhotoLibPOC */ = {
			isa = PBXGroup;
			children = (
				2D7E29F11E4C8C2500120685 /* AppDelegate.h */,
				2D7E29F21E4C8C2500120685 /* AppDelegate.m */,
				2D7E29F41E4C8C2500120685 /* ViewController.h */,
				2D7E29F51E4C8C2500120685 /* ViewController.m */,
				2D7E29F71E4C8C2500120685 /* Main.storyboard */,
				2D7E29FA1E4C8C2500120685 /* Assets.xcassets */,
				2D7E29FC1E4C8C2500120685 /* LaunchScreen.storyboard */,
				2D7E29FF1E4C8C2500120685 /* Info.plist */,
				2D7E29EE1E4C8C2500120685 /* Supporting Files */,
				2DCF17051E5C6B7400A9DF88 /* FDKeyboardToolBar */,
				2DCF17061E5D8E3C00A9DF88 /* WebView Category */,
				2DCF17071E5D8E4F00A9DF88 /* CustomKeyboards */,
				2DCF17151E5DB8CC00A9DF88 /* FDBorderView.swift */,
				2DCF17141E5DB8CB00A9DF88 /* PhotoLibPOC-Bridging-Header.h */,
			);
			path = PhotoLibPOC;
			sourceTree = "<group>";
		};
		2D7E29EE1E4C8C2500120685 /* Supporting Files */ = {
			isa = PBXGroup;
			children = (
				2D7E29EF1E4C8C2500120685 /* main.m */,
			);
			name = "Supporting Files";
			sourceTree = "<group>";
		};
		2DCF17051E5C6B7400A9DF88 /* FDKeyboardToolBar */ = {
			isa = PBXGroup;
			children = (
				2D7E2A051E4C984700120685 /* FDReplyKeyboardToolBar.h */,
				2D7E2A061E4C984700120685 /* FDReplyKeyboardToolBar.m */,
				2D7E2A081E4C985C00120685 /* FDReplyKeyboardToolBar.xib */,
			);
			name = FDKeyboardToolBar;
			sourceTree = "<group>";
		};
		2DCF17061E5D8E3C00A9DF88 /* WebView Category */ = {
			isa = PBXGroup;
			children = (
				2D33594C1E4CEE1F001BA466 /* UIWebView+InputAccessoryView.h */,
				2D33594D1E4CEE1F001BA466 /* UIWebView+InputAccessoryView.m */,
			);
			name = "WebView Category";
			sourceTree = "<group>";
		};
		2DCF17071E5D8E4F00A9DF88 /* CustomKeyboards */ = {
			isa = PBXGroup;
			children = (
				2DCF17081E5D8E6400A9DF88 /* CannedResponceKeyboard */,
				2DCF17091E5D8E7500A9DF88 /* AttachmentKeyboard */,
			);
			name = CustomKeyboards;
			sourceTree = "<group>";
		};
		2DCF17081E5D8E6400A9DF88 /* CannedResponceKeyboard */ = {
			isa = PBXGroup;
			children = (
				2DAAD7A01E5463E9000BE0A2 /* CannedResponseViewController.h */,
				2DAAD7A11E5463E9000BE0A2 /* CannedResponseViewController.m */,
			);
			name = CannedResponceKeyboard;
			sourceTree = "<group>";
		};
		2DCF17091E5D8E7500A9DF88 /* AttachmentKeyboard */ = {
			isa = PBXGroup;
			children = (
				2DCF16EA1E5AEE8A00A9DF88 /* KeyboardAttachmentViewController.h */,
				2DCF16EB1E5AEE8A00A9DF88 /* KeyboardAttachmentViewController.m */,
				2DCF17031E5C67E600A9DF88 /* TableViewModelProtocol.h */,
				2DCF17001E5C677400A9DF88 /* KeyboardAttachmentViewModel.h */,
				2DCF17011E5C677400A9DF88 /* KeyboardAttachmentViewModel.m */,
				2DCF170A1E5D985000A9DF88 /* PhotoAttachments */,
				2DCF170B1E5D9F5600A9DF88 /* OtherAttachmentOptionsTableCell.h */,
				2DCF170C1E5D9F5600A9DF88 /* OtherAttachmentOptionsTableCell.m */,
			);
			name = AttachmentKeyboard;
			sourceTree = "<group>";
		};
		2DCF170A1E5D985000A9DF88 /* PhotoAttachments */ = {
			isa = PBXGroup;
			children = (
				2DCF16F61E5B61FF00A9DF88 /* AttachmentPhotoCellProtocol.h */,
				2DCF16F71E5C091B00A9DF88 /* PhotoAttachmentCellViewModel.h */,
				2DCF16F81E5C091B00A9DF88 /* PhotoAttachmentCellViewModel.m */,
				2DCF17041E5C691800A9DF88 /* CollectionViewModelProtocol.h */,
				2DCF16F31E5B1CC300A9DF88 /* PhotoAttachmentViewModel.h */,
				2DCF16F41E5B1CC300A9DF88 /* PhotoAttachmentViewModel.m */,
				2DCF16FD1E5C56F300A9DF88 /* PhotoAttachmentTableViewCell.h */,
				2DCF16FE1E5C56F300A9DF88 /* PhotoAttachmentTableViewCell.m */,
				2DCF16F01E5B097600A9DF88 /* PhotoCollectionViewCell.h */,
				2DCF16F11E5B097600A9DF88 /* PhotoCollectionViewCell.m */,
			);
			name = PhotoAttachments;
			sourceTree = "<group>";
		};
/* End PBXGroup section */

/* Begin PBXNativeTarget section */
		2D7E29EA1E4C8C2500120685 /* PhotoLibPOC */ = {
			isa = PBXNativeTarget;
			buildConfigurationList = 2D7E2A021E4C8C2500120685 /* Build configuration list for PBXNativeTarget "PhotoLibPOC" */;
			buildPhases = (
				2D7E29E71E4C8C2500120685 /* Sources */,
				2D7E29E81E4C8C2500120685 /* Frameworks */,
				2D7E29E91E4C8C2500120685 /* Resources */,
			);
			buildRules = (
			);
			dependencies = (
			);
			name = PhotoLibPOC;
			productName = PhotoLibPOC;
			productReference = 2D7E29EB1E4C8C2500120685 /* PhotoLibPOC.app */;
			productType = "com.apple.product-type.application";
		};
/* End PBXNativeTarget section */

/* Begin PBXProject section */
		2D7E29E31E4C8C2500120685 /* Project object */ = {
			isa = PBXProject;
			attributes = {
				LastUpgradeCheck = 0820;
				ORGANIZATIONNAME = "Freshdesk Inc.";
				TargetAttributes = {
					2D7E29EA1E4C8C2500120685 = {
						CreatedOnToolsVersion = 8.2.1;
						DevelopmentTeam = PKUQ4ZWJH3;
						LastSwiftMigration = 0820;
						ProvisioningStyle = Automatic;
					};
				};
			};
			buildConfigurationList = 2D7E29E61E4C8C2500120685 /* Build configuration list for PBXProject "PhotoLibPOC" */;
			compatibilityVersion = "Xcode 3.2";
			developmentRegion = English;
			hasScannedForEncodings = 0;
			knownRegions = (
				en,
				Base,
			);
			mainGroup = 2D7E29E21E4C8C2500120685;
			productRefGroup = 2D7E29EC1E4C8C2500120685 /* Products */;
			projectDirPath = "";
			projectRoot = "";
			targets = (
				2D7E29EA1E4C8C2500120685 /* PhotoLibPOC */,
			);
		};
/* End PBXProject section */

/* Begin PBXResourcesBuildPhase section */
		2D7E29E91E4C8C2500120685 /* Resources */ = {
			isa = PBXResourcesBuildPhase;
			buildActionMask = 2147483647;
			files = (
				2D7E29FE1E4C8C2500120685 /* LaunchScreen.storyboard in Resources */,
				2D7E2A091E4C985C00120685 /* FDReplyKeyboardToolBar.xib in Resources */,
				2D7E29FB1E4C8C2500120685 /* Assets.xcassets in Resources */,
				2D7E29F91E4C8C2500120685 /* Main.storyboard in Resources */,
			);
			runOnlyForDeploymentPostprocessing = 0;
		};
/* End PBXResourcesBuildPhase section */

/* Begin PBXSourcesBuildPhase section */
		2D7E29E71E4C8C2500120685 /* Sources */ = {
			isa = PBXSourcesBuildPhase;
			buildActionMask = 2147483647;
			files = (
				2D33594E1E4CEE1F001BA466 /* UIWebView+InputAccessoryView.m in Sources */,
				2DAAD7A21E5463E9000BE0A2 /* CannedResponseViewController.m in Sources */,
				2DCF16F21E5B097600A9DF88 /* PhotoCollectionViewCell.m in Sources */,
				2DCF16F91E5C091B00A9DF88 /* PhotoAttachmentCellViewModel.m in Sources */,
				2DCF17161E5DB8CC00A9DF88 /* FDBorderView.swift in Sources */,
				2DCF170D1E5D9F5600A9DF88 /* OtherAttachmentOptionsTableCell.m in Sources */,
				2D7E29F61E4C8C2500120685 /* ViewController.m in Sources */,
				2D7E2A071E4C984700120685 /* FDReplyKeyboardToolBar.m in Sources */,
				2DCF16FF1E5C56F300A9DF88 /* PhotoAttachmentTableViewCell.m in Sources */,
				2D7E29F31E4C8C2500120685 /* AppDelegate.m in Sources */,
				2D7E29F01E4C8C2500120685 /* main.m in Sources */,
				2DCF16F51E5B1CC300A9DF88 /* PhotoAttachmentViewModel.m in Sources */,
				2DCF16EC1E5AEE8A00A9DF88 /* KeyboardAttachmentViewController.m in Sources */,
				2DCF17021E5C677400A9DF88 /* KeyboardAttachmentViewModel.m in Sources */,
			);
			runOnlyForDeploymentPostprocessing = 0;
		};
/* End PBXSourcesBuildPhase section */

/* Begin PBXVariantGroup section */
		2D7E29F71E4C8C2500120685 /* Main.storyboard */ = {
			isa = PBXVariantGroup;
			children = (
				2D7E29F81E4C8C2500120685 /* Base */,
			);
			name = Main.storyboard;
			sourceTree = "<group>";
		};
		2D7E29FC1E4C8C2500120685 /* LaunchScreen.storyboard */ = {
			isa = PBXVariantGroup;
			children = (
				2D7E29FD1E4C8C2500120685 /* Base */,
			);
			name = LaunchScreen.storyboard;
			sourceTree = "<group>";
		};
/* End PBXVariantGroup section */

/* Begin XCBuildConfiguration section */
		2D7E2A001E4C8C2500120685 /* Debug */ = {
			isa = XCBuildConfiguration;
			buildSettings = {
				ALWAYS_SEARCH_USER_PATHS = NO;
				CLANG_ANALYZER_NONNULL = YES;
				CLANG_CXX_LANGUAGE_STANDARD = "gnu++0x";
				CLANG_CXX_LIBRARY = "libc++";
				CLANG_ENABLE_MODULES = YES;
				CLANG_ENABLE_OBJC_ARC = YES;
				CLANG_WARN_BOOL_CONVERSION = YES;
				CLANG_WARN_CONSTANT_CONVERSION = YES;
				CLANG_WARN_DIRECT_OBJC_ISA_USAGE = YES_ERROR;
				CLANG_WARN_DOCUMENTATION_COMMENTS = YES;
				CLANG_WARN_EMPTY_BODY = YES;
				CLANG_WARN_ENUM_CONVERSION = YES;
				CLANG_WARN_INFINITE_RECURSION = YES;
				CLANG_WARN_INT_CONVERSION = YES;
				CLANG_WARN_OBJC_ROOT_CLASS = YES_ERROR;
				CLANG_WARN_SUSPICIOUS_MOVE = YES;
				CLANG_WARN_UNREACHABLE_CODE = YES;
				CLANG_WARN__DUPLICATE_METHOD_MATCH = YES;
				"CODE_SIGN_IDENTITY[sdk=iphoneos*]" = "iPhone Developer";
				COPY_PHASE_STRIP = NO;
				DEBUG_INFORMATION_FORMAT = dwarf;
				ENABLE_STRICT_OBJC_MSGSEND = YES;
				ENABLE_TESTABILITY = YES;
				GCC_C_LANGUAGE_STANDARD = gnu99;
				GCC_DYNAMIC_NO_PIC = NO;
				GCC_NO_COMMON_BLOCKS = YES;
				GCC_OPTIMIZATION_LEVEL = 0;
				GCC_PREPROCESSOR_DEFINITIONS = (
					"DEBUG=1",
					"$(inherited)",
				);
				GCC_WARN_64_TO_32_BIT_CONVERSION = YES;
				GCC_WARN_ABOUT_RETURN_TYPE = YES_ERROR;
				GCC_WARN_UNDECLARED_SELECTOR = YES;
				GCC_WARN_UNINITIALIZED_AUTOS = YES_AGGRESSIVE;
				GCC_WARN_UNUSED_FUNCTION = YES;
				GCC_WARN_UNUSED_VARIABLE = YES;
				IPHONEOS_DEPLOYMENT_TARGET = 10.2;
				MTL_ENABLE_DEBUG_INFO = YES;
				ONLY_ACTIVE_ARCH = YES;
				SDKROOT = iphoneos;
			};
			name = Debug;
		};
		2D7E2A011E4C8C2500120685 /* Release */ = {
			isa = XCBuildConfiguration;
			buildSettings = {
				ALWAYS_SEARCH_USER_PATHS = NO;
				CLANG_ANALYZER_NONNULL = YES;
				CLANG_CXX_LANGUAGE_STANDARD = "gnu++0x";
				CLANG_CXX_LIBRARY = "libc++";
				CLANG_ENABLE_MODULES = YES;
				CLANG_ENABLE_OBJC_ARC = YES;
				CLANG_WARN_BOOL_CONVERSION = YES;
				CLANG_WARN_CONSTANT_CONVERSION = YES;
				CLANG_WARN_DIRECT_OBJC_ISA_USAGE = YES_ERROR;
				CLANG_WARN_DOCUMENTATION_COMMENTS = YES;
				CLANG_WARN_EMPTY_BODY = YES;
				CLANG_WARN_ENUM_CONVERSION = YES;
				CLANG_WARN_INFINITE_RECURSION = YES;
				CLANG_WARN_INT_CONVERSION = YES;
				CLANG_WARN_OBJC_ROOT_CLASS = YES_ERROR;
				CLANG_WARN_SUSPICIOUS_MOVE = YES;
				CLANG_WARN_UNREACHABLE_CODE = YES;
				CLANG_WARN__DUPLICATE_METHOD_MATCH = YES;
				"CODE_SIGN_IDENTITY[sdk=iphoneos*]" = "iPhone Developer";
				COPY_PHASE_STRIP = NO;
				DEBUG_INFORMATION_FORMAT = "dwarf-with-dsym";
				ENABLE_NS_ASSERTIONS = NO;
				ENABLE_STRICT_OBJC_MSGSEND = YES;
				GCC_C_LANGUAGE_STANDARD = gnu99;
				GCC_NO_COMMON_BLOCKS = YES;
				GCC_WARN_64_TO_32_BIT_CONVERSION = YES;
				GCC_WARN_ABOUT_RETURN_TYPE = YES_ERROR;
				GCC_WARN_UNDECLARED_SELECTOR = YES;
				GCC_WARN_UNINITIALIZED_AUTOS = YES_AGGRESSIVE;
				GCC_WARN_UNUSED_FUNCTION = YES;
				GCC_WARN_UNUSED_VARIABLE = YES;
				IPHONEOS_DEPLOYMENT_TARGET = 10.2;
				MTL_ENABLE_DEBUG_INFO = NO;
				SDKROOT = iphoneos;
				VALIDATE_PRODUCT = YES;
			};
			name = Release;
		};
		2D7E2A031E4C8C2500120685 /* Debug */ = {
			isa = XCBuildConfiguration;
			buildSettings = {
				ASSETCATALOG_COMPILER_APPICON_NAME = AppIcon;
				CLANG_ENABLE_MODULES = YES;
				DEVELOPMENT_TEAM = PKUQ4ZWJH3;
				INFOPLIST_FILE = PhotoLibPOC/Info.plist;
				LD_RUNPATH_SEARCH_PATHS = "$(inherited) @executable_path/Frameworks";
				PRODUCT_BUNDLE_IDENTIFIER = com.freshdesk.PhotoLibPOC;
				PRODUCT_NAME = "$(TARGET_NAME)";
				SWIFT_OBJC_BRIDGING_HEADER = "PhotoLibPOC/PhotoLibPOC-Bridging-Header.h";
				SWIFT_OPTIMIZATION_LEVEL = "-Onone";
				SWIFT_VERSION = 3.0;
			};
			name = Debug;
		};
		2D7E2A041E4C8C2500120685 /* Release */ = {
			isa = XCBuildConfiguration;
			buildSettings = {
				ASSETCATALOG_COMPILER_APPICON_NAME = AppIcon;
				CLANG_ENABLE_MODULES = YES;
				DEVELOPMENT_TEAM = PKUQ4ZWJH3;
				INFOPLIST_FILE = PhotoLibPOC/Info.plist;
				LD_RUNPATH_SEARCH_PATHS = "$(inherited) @executable_path/Frameworks";
				PRODUCT_BUNDLE_IDENTIFIER = com.freshdesk.PhotoLibPOC;
				PRODUCT_NAME = "$(TARGET_NAME)";
				SWIFT_OBJC_BRIDGING_HEADER = "PhotoLibPOC/PhotoLibPOC-Bridging-Header.h";
				SWIFT_VERSION = 3.0;
			};
			name = Release;
		};
/* End XCBuildConfiguration section */

/* Begin XCConfigurationList section */
		2D7E29E61E4C8C2500120685 /* Build configuration list for PBXProject "PhotoLibPOC" */ = {
			isa = XCConfigurationList;
			buildConfigurations = (
				2D7E2A001E4C8C2500120685 /* Debug */,
				2D7E2A011E4C8C2500120685 /* Release */,
			);
			defaultConfigurationIsVisible = 0;
			defaultConfigurationName = Release;
		};
		2D7E2A021E4C8C2500120685 /* Build configuration list for PBXNativeTarget "PhotoLibPOC" */ = {
			isa = XCConfigurationList;
			buildConfigurations = (
				2D7E2A031E4C8C2500120685 /* Debug */,
				2D7E2A041E4C8C2500120685 /* Release */,
			);
			defaultConfigurationIsVisible = 0;
			defaultConfigurationName = Release;
		};
/* End XCConfigurationList section */
	};
	rootObject = 2D7E29E31E4C8C2500120685 /* Project object */;
}
